
Microsoft Visual Studio Solution File, Format Version 12.00
# Visual Studio Version 16
VisualStudioVersion = 16.0.30711.63
MinimumVisualStudioVersion = 10.0.40219.1
Project("{FAE04EC0-301F-11D3-BF4B-00C04F79EFBC}") = "CPRG102.Final.Api", "CPRG102.Final.Api\CPRG102.Final.Api.csproj", "{C2644D10-D220-4171-9BDE-3B0782A81263}"
EndProject
Global
	GlobalSection(SolutionConfigurationPlatforms) = preSolution
		Debug|Any CPU = Debug|Any CPU
		Release|Any CPU = Release|Any CPU
	EndGlobalSection
	GlobalSection(ProjectConfigurationPlatforms) = postSolution
		{C2644D10-D220-4171-9BDE-3B0782A81263}.Debug|Any CPU.ActiveCfg = Debug|Any CPU
		{C2644D10-D220-4171-9BDE-3B0782A81263}.Debug|Any CPU.Build.0 = Debug|Any CPU
		{C2644D10-D220-4171-9BDE-3B0782A81263}.Release|Any CPU.ActiveCfg = Release|Any CPU
		{C2644D10-D220-4171-9BDE-3B0782A81263}.Release|Any CPU.Build.0 = Release|Any CPU
	EndGlobalSection
	GlobalSection(SolutionProperties) = preSolution
		HideSolutionNode = FALSE
	EndGlobalSection
	GlobalSection(ExtensibilityGlobals) = postSolution
		SolutionGuid = {93C76730-2053-42BF-BA9A-26F9CC406BB3}
	EndGlobalSection
EndGlobal
